
Microsoft Visual Studio Solution File, Format Version 12.00
# Visual Studio Version 17
VisualStudioVersion = 17.4.33213.308
MinimumVisualStudioVersion = 10.0.40219.1
Project("{FAE04EC0-301F-11D3-BF4B-00C04F79EFBC}") = "NZWalks.api", "NZWalks.api\NZWalks.api.csproj", "{7B51DAF0-8CC7-488B-B000-F65E93F17C1A}"
EndProject
Global
	GlobalSection(SolutionConfigurationPlatforms) = preSolution
		Debug|Any CPU = Debug|Any CPU
		Release|Any CPU = Release|Any CPU
	EndGlobalSection
	GlobalSection(ProjectConfigurationPlatforms) = postSolution
		{7B51DAF0-8CC7-488B-B000-F65E93F17C1A}.Debug|Any CPU.ActiveCfg = Debug|Any CPU
		{7B51DAF0-8CC7-488B-B000-F65E93F17C1A}.Debug|Any CPU.Build.0 = Debug|Any CPU
		{7B51DAF0-8CC7-488B-B000-F65E93F17C1A}.Release|Any CPU.ActiveCfg = Release|Any CPU
		{7B51DAF0-8CC7-488B-B000-F65E93F17C1A}.Release|Any CPU.Build.0 = Release|Any CPU
	EndGlobalSection
	GlobalSection(SolutionProperties) = preSolution
		HideSolutionNode = FALSE
	EndGlobalSection
	GlobalSection(ExtensibilityGlobals) = postSolution
		SolutionGuid = {06E9C1A7-F47E-4DAE-ABE4-C51DB137ACC1}
	EndGlobalSection
EndGlobal
